
Microsoft Visual Studio Solution File, Format Version 12.00
# Visual Studio Version 17
VisualStudioVersion = 17.2.32630.192
MinimumVisualStudioVersion = 10.0.40219.1
Project("{FAE04EC0-301F-11D3-BF4B-00C04F79EFBC}") = "Hometask_1", "Hometask_1\Hometask_1.csproj", "{18677978-7DFC-492E-B3B8-59A06BD51986}"
EndProject
Global
	GlobalSection(SolutionConfigurationPlatforms) = preSolution
		Debug|Any CPU = Debug|Any CPU
		Release|Any CPU = Release|Any CPU
	EndGlobalSection
	GlobalSection(ProjectConfigurationPlatforms) = postSolution
		{18677978-7DFC-492E-B3B8-59A06BD51986}.Debug|Any CPU.ActiveCfg = Debug|Any CPU
		{18677978-7DFC-492E-B3B8-59A06BD51986}.Debug|Any CPU.Build.0 = Debug|Any CPU
		{18677978-7DFC-492E-B3B8-59A06BD51986}.Release|Any CPU.ActiveCfg = Release|Any CPU
		{18677978-7DFC-492E-B3B8-59A06BD51986}.Release|Any CPU.Build.0 = Release|Any CPU
	EndGlobalSection
	GlobalSection(SolutionProperties) = preSolution
		HideSolutionNode = FALSE
	EndGlobalSection
	GlobalSection(ExtensibilityGlobals) = postSolution
		SolutionGuid = {CD1379C4-5F35-4C42-8929-6EC685DB30B1}
	EndGlobalSection
EndGlobal
